
Microsoft Visual Studio Solution File, Format Version 12.00
# Visual Studio Version 17
VisualStudioVersion = 17.14.36804.6 d17.14
MinimumVisualStudioVersion = 10.0.40219.1
Project("{FAE04EC0-301F-11D3-BF4B-00C04F79EFBC}") = "CleanArchitectureDemo", "CleanArchitectureDemo.csproj", "{FE356CA1-44B1-44A9-B3DC-97C7C19F29EC}"
EndProject
Project("{FAE04EC0-301F-11D3-BF4B-00C04F79EFBC}") = "CleanArchitectureDemo.Domain", "..\CleanArchitectureDemo.Domain\CleanArchitectureDemo.Domain.csproj", "{3A111E59-5C32-420D-9064-0CA64226E2F8}"
EndProject
Project("{FAE04EC0-301F-11D3-BF4B-00C04F79EFBC}") = "CleanArchitectureDemo.Application", "..\CleanArchitectureDemo.Application\CleanArchitectureDemo.Application.csproj", "{3DD8C32C-3C76-44BD-8552-EB5012D20B57}"
EndProject
Project("{FAE04EC0-301F-11D3-BF4B-00C04F79EFBC}") = "CleanArchitectureDemo.Infrastructure", "..\CleanArchitectureDemo.Infrastructure\CleanArchitectureDemo.Infrastructure.csproj", "{84B14F69-8307-4942-B15F-2C64D7770B2F}"
EndProject
Global
	GlobalSection(SolutionConfigurationPlatforms) = preSolution
		Debug|Any CPU = Debug|Any CPU
		Release|Any CPU = Release|Any CPU
	EndGlobalSection
	GlobalSection(ProjectConfigurationPlatforms) = postSolution
		{FE356CA1-44B1-44A9-B3DC-97C7C19F29EC}.Debug|Any CPU.ActiveCfg = Debug|Any CPU
		{FE356CA1-44B1-44A9-B3DC-97C7C19F29EC}.Debug|Any CPU.Build.0 = Debug|Any CPU
		{FE356CA1-44B1-44A9-B3DC-97C7C19F29EC}.Release|Any CPU.ActiveCfg = Release|Any CPU
		{FE356CA1-44B1-44A9-B3DC-97C7C19F29EC}.Release|Any CPU.Build.0 = Release|Any CPU
		{3A111E59-5C32-420D-9064-0CA64226E2F8}.Debug|Any CPU.ActiveCfg = Debug|Any CPU
		{3A111E59-5C32-420D-9064-0CA64226E2F8}.Debug|Any CPU.Build.0 = Debug|Any CPU
		{3A111E59-5C32-420D-9064-0CA64226E2F8}.Release|Any CPU.ActiveCfg = Release|Any CPU
		{3A111E59-5C32-420D-9064-0CA64226E2F8}.Release|Any CPU.Build.0 = Release|Any CPU
		{3DD8C32C-3C76-44BD-8552-EB5012D20B57}.Debug|Any CPU.ActiveCfg = Debug|Any CPU
		{3DD8C32C-3C76-44BD-8552-EB5012D20B57}.Debug|Any CPU.Build.0 = Debug|Any CPU
		{3DD8C32C-3C76-44BD-8552-EB5012D20B57}.Release|Any CPU.ActiveCfg = Release|Any CPU
		{3DD8C32C-3C76-44BD-8552-EB5012D20B57}.Release|Any CPU.Build.0 = Release|Any CPU
		{84B14F69-8307-4942-B15F-2C64D7770B2F}.Debug|Any CPU.ActiveCfg = Debug|Any CPU
		{84B14F69-8307-4942-B15F-2C64D7770B2F}.Debug|Any CPU.Build.0 = Debug|Any CPU
		{84B14F69-8307-4942-B15F-2C64D7770B2F}.Release|Any CPU.ActiveCfg = Release|Any CPU
		{84B14F69-8307-4942-B15F-2C64D7770B2F}.Release|Any CPU.Build.0 = Release|Any CPU
	EndGlobalSection
	GlobalSection(SolutionProperties) = preSolution
		HideSolutionNode = FALSE
	EndGlobalSection
	GlobalSection(ExtensibilityGlobals) = postSolution
		SolutionGuid = {A65762DF-7BF4-4F18-B930-92E52A7B16E6}
	EndGlobalSection
EndGlobal
